
Microsoft Visual Studio Solution File, Format Version 12.00
# Visual Studio Version 17
VisualStudioVersion = 17.9.34728.123
MinimumVisualStudioVersion = 10.0.40219.1
Project("{FAE04EC0-301F-11D3-BF4B-00C04F79EFBC}") = "SrcWeb.Repositorio", "SrcWeb.Repositorio.csproj", "{C9E909E1-28C9-4197-A1D3-CC258940573E}"
EndProject
Global
	GlobalSection(SolutionConfigurationPlatforms) = preSolution
		Debug|Any CPU = Debug|Any CPU
		Release|Any CPU = Release|Any CPU
	EndGlobalSection
	GlobalSection(ProjectConfigurationPlatforms) = postSolution
		{C9E909E1-28C9-4197-A1D3-CC258940573E}.Debug|Any CPU.ActiveCfg = Debug|Any CPU
		{C9E909E1-28C9-4197-A1D3-CC258940573E}.Debug|Any CPU.Build.0 = Debug|Any CPU
		{C9E909E1-28C9-4197-A1D3-CC258940573E}.Release|Any CPU.ActiveCfg = Release|Any CPU
		{C9E909E1-28C9-4197-A1D3-CC258940573E}.Release|Any CPU.Build.0 = Release|Any CPU
	EndGlobalSection
	GlobalSection(SolutionProperties) = preSolution
		HideSolutionNode = FALSE
	EndGlobalSection
	GlobalSection(ExtensibilityGlobals) = postSolution
		SolutionGuid = {5A8CEA77-2D7D-4BDA-9BA8-B45DD3F29A79}
	EndGlobalSection
EndGlobal
