
Microsoft Visual Studio Solution File, Format Version 12.00
# Visual Studio Version 17
VisualStudioVersion = 17.9.34728.123
MinimumVisualStudioVersion = 10.0.40219.1
Project("{FAE04EC0-301F-11D3-BF4B-00C04F79EFBC}") = "DCO.Servicio", "DCO.Servicio.csproj", "{C3434636-2B79-4387-8AED-7BE16B424D2F}"
EndProject
Global
	GlobalSection(SolutionConfigurationPlatforms) = preSolution
		Debug|Any CPU = Debug|Any CPU
		Release|Any CPU = Release|Any CPU
	EndGlobalSection
	GlobalSection(ProjectConfigurationPlatforms) = postSolution
		{C3434636-2B79-4387-8AED-7BE16B424D2F}.Debug|Any CPU.ActiveCfg = Debug|Any CPU
		{C3434636-2B79-4387-8AED-7BE16B424D2F}.Debug|Any CPU.Build.0 = Debug|Any CPU
		{C3434636-2B79-4387-8AED-7BE16B424D2F}.Release|Any CPU.ActiveCfg = Release|Any CPU
		{C3434636-2B79-4387-8AED-7BE16B424D2F}.Release|Any CPU.Build.0 = Release|Any CPU
	EndGlobalSection
	GlobalSection(SolutionProperties) = preSolution
		HideSolutionNode = FALSE
	EndGlobalSection
	GlobalSection(ExtensibilityGlobals) = postSolution
		SolutionGuid = {45754FC5-761E-4851-B3EA-FE08A609A8D6}
	EndGlobalSection
EndGlobal
