
Microsoft Visual Studio Solution File, Format Version 12.00
# Visual Studio Version 17
VisualStudioVersion = 17.9.34728.123
MinimumVisualStudioVersion = 10.0.40219.1
Project("{9A19103F-16F7-4668-BE54-9A1E7A4F7556}") = "DCO.Api.DatosComunes", "DCO.Api.DatosComunes.csproj", "{BBCDABB8-00DE-4F53-ACBE-199B10779BB3}"
EndProject
Project("{9A19103F-16F7-4668-BE54-9A1E7A4F7556}") = "DCO.DataAcces", "..\DCO.DataAccess\DCO.DataAcces.csproj", "{AEE83D84-E1AE-45FB-B30B-9E3B0D7361C4}"
EndProject
Project("{9A19103F-16F7-4668-BE54-9A1E7A4F7556}") = "DCO.Dominio", "..\DCO.Dominio\DCO.Dominio.csproj", "{BF969F38-5944-4711-B6FD-66420B0C2AA5}"
EndProject
Project("{9A19103F-16F7-4668-BE54-9A1E7A4F7556}") = "DCO.Dtos", "..\DCO.Dtos\DCO.Dtos.csproj", "{28EA2335-8053-449A-8EC0-8B1F1E15B8AE}"
EndProject
Project("{9A19103F-16F7-4668-BE54-9A1E7A4F7556}") = "Utilidades", "..\..\Utilidades\Utilidades.csproj", "{9A158B21-E1CE-4566-974D-1C4F1C66B5CB}"
EndProject
Project("{FAE04EC0-301F-11D3-BF4B-00C04F79EFBC}") = "DCO.Aplicacion", "..\DCO.Aplicacion\DCO.Aplicacion.csproj", "{440862DB-3518-4ECD-BFA4-E10600EC092F}"
EndProject
Project("{FAE04EC0-301F-11D3-BF4B-00C04F79EFBC}") = "DCO.Infraestructura", "..\DCO.Infraestructura\DCO.Infraestructura.csproj", "{95F8206E-4D59-4486-9FF1-887B456B8C4B}"
EndProject
Global
	GlobalSection(SolutionConfigurationPlatforms) = preSolution
		Debug|Any CPU = Debug|Any CPU
		Release|Any CPU = Release|Any CPU
	EndGlobalSection
	GlobalSection(ProjectConfigurationPlatforms) = postSolution
		{BBCDABB8-00DE-4F53-ACBE-199B10779BB3}.Debug|Any CPU.ActiveCfg = Debug|Any CPU
		{BBCDABB8-00DE-4F53-ACBE-199B10779BB3}.Debug|Any CPU.Build.0 = Debug|Any CPU
		{BBCDABB8-00DE-4F53-ACBE-199B10779BB3}.Release|Any CPU.ActiveCfg = Release|Any CPU
		{BBCDABB8-00DE-4F53-ACBE-199B10779BB3}.Release|Any CPU.Build.0 = Release|Any CPU
		{AEE83D84-E1AE-45FB-B30B-9E3B0D7361C4}.Debug|Any CPU.ActiveCfg = Debug|Any CPU
		{AEE83D84-E1AE-45FB-B30B-9E3B0D7361C4}.Debug|Any CPU.Build.0 = Debug|Any CPU
		{AEE83D84-E1AE-45FB-B30B-9E3B0D7361C4}.Release|Any CPU.ActiveCfg = Release|Any CPU
		{AEE83D84-E1AE-45FB-B30B-9E3B0D7361C4}.Release|Any CPU.Build.0 = Release|Any CPU
		{BF969F38-5944-4711-B6FD-66420B0C2AA5}.Debug|Any CPU.ActiveCfg = Debug|Any CPU
		{BF969F38-5944-4711-B6FD-66420B0C2AA5}.Debug|Any CPU.Build.0 = Debug|Any CPU
		{BF969F38-5944-4711-B6FD-66420B0C2AA5}.Release|Any CPU.ActiveCfg = Release|Any CPU
		{BF969F38-5944-4711-B6FD-66420B0C2AA5}.Release|Any CPU.Build.0 = Release|Any CPU
		{28EA2335-8053-449A-8EC0-8B1F1E15B8AE}.Debug|Any CPU.ActiveCfg = Debug|Any CPU
		{28EA2335-8053-449A-8EC0-8B1F1E15B8AE}.Debug|Any CPU.Build.0 = Debug|Any CPU
		{28EA2335-8053-449A-8EC0-8B1F1E15B8AE}.Release|Any CPU.ActiveCfg = Release|Any CPU
		{28EA2335-8053-449A-8EC0-8B1F1E15B8AE}.Release|Any CPU.Build.0 = Release|Any CPU
		{9A158B21-E1CE-4566-974D-1C4F1C66B5CB}.Debug|Any CPU.ActiveCfg = Debug|Any CPU
		{9A158B21-E1CE-4566-974D-1C4F1C66B5CB}.Debug|Any CPU.Build.0 = Debug|Any CPU
		{9A158B21-E1CE-4566-974D-1C4F1C66B5CB}.Release|Any CPU.ActiveCfg = Release|Any CPU
		{9A158B21-E1CE-4566-974D-1C4F1C66B5CB}.Release|Any CPU.Build.0 = Release|Any CPU
		{440862DB-3518-4ECD-BFA4-E10600EC092F}.Debug|Any CPU.ActiveCfg = Debug|Any CPU
		{440862DB-3518-4ECD-BFA4-E10600EC092F}.Debug|Any CPU.Build.0 = Debug|Any CPU
		{440862DB-3518-4ECD-BFA4-E10600EC092F}.Release|Any CPU.ActiveCfg = Release|Any CPU
		{440862DB-3518-4ECD-BFA4-E10600EC092F}.Release|Any CPU.Build.0 = Release|Any CPU
		{95F8206E-4D59-4486-9FF1-887B456B8C4B}.Debug|Any CPU.ActiveCfg = Debug|Any CPU
		{95F8206E-4D59-4486-9FF1-887B456B8C4B}.Debug|Any CPU.Build.0 = Debug|Any CPU
		{95F8206E-4D59-4486-9FF1-887B456B8C4B}.Release|Any CPU.ActiveCfg = Release|Any CPU
		{95F8206E-4D59-4486-9FF1-887B456B8C4B}.Release|Any CPU.Build.0 = Release|Any CPU
	EndGlobalSection
	GlobalSection(SolutionProperties) = preSolution
		HideSolutionNode = FALSE
	EndGlobalSection
	GlobalSection(ExtensibilityGlobals) = postSolution
		SolutionGuid = {EFFE2F98-7A47-44BE-B3C6-42B5BF7E86C7}
	EndGlobalSection
EndGlobal
